
Microsoft Visual Studio Solution File, Format Version 12.00
# Visual Studio 15
Project("{FAE04EC0-301F-11D3-BF4B-00C04F79EFBC}") = "Unity.XR.Hands.Samples.VisualizerSample", "Unity.XR.Hands.Samples.VisualizerSample.csproj", "{6E615BAA-A965-670D-3270-168D45B80BAA}"
EndProject
Project("{FAE04EC0-301F-11D3-BF4B-00C04F79EFBC}") = "Unity.XR.Interaction.Toolkit.Samples.StarterAssets", "Unity.XR.Interaction.Toolkit.Samples.StarterAssets.csproj", "{4CB067AE-7A56-E540-4D4A-16280C1BEEB9}"
EndProject
Project("{FAE04EC0-301F-11D3-BF4B-00C04F79EFBC}") = "Assembly-CSharp-Editor", "Assembly-CSharp-Editor.csproj", "{BE50CAC2-4059-24D0-F6C5-054A8AFE29E2}"
EndProject
Project("{FAE04EC0-301F-11D3-BF4B-00C04F79EFBC}") = "Unity.XR.Interaction.Toolkit.Samples.Hands", "Unity.XR.Interaction.Toolkit.Samples.Hands.csproj", "{C44A272E-7BAC-F808-2E0E-96846BC4870F}"
EndProject
Project("{FAE04EC0-301F-11D3-BF4B-00C04F79EFBC}") = "Assembly-CSharp", "Assembly-CSharp.csproj", "{A88D7BAF-729C-55F4-9D43-C9FF4465488B}"
EndProject
Project("{FAE04EC0-301F-11D3-BF4B-00C04F79EFBC}") = "Unity.XR.Interaction.Toolkit.Samples.Hands.Editor", "Unity.XR.Interaction.Toolkit.Samples.Hands.Editor.csproj", "{5C629134-8813-149B-AFE3-75B10F84CEBB}"
EndProject
Project("{FAE04EC0-301F-11D3-BF4B-00C04F79EFBC}") = "Unity.XR.Interaction.Toolkit.Samples.StarterAssets.Editor", "Unity.XR.Interaction.Toolkit.Samples.StarterAssets.Editor.csproj", "{C7EBF3DF-B111-2A3E-243B-A59F3D52F8CE}"
EndProject
Global
	GlobalSection(SolutionConfigurationPlatforms) = preSolution
		Debug|Any CPU = Debug|Any CPU
		Release|Any CPU = Release|Any CPU
	EndGlobalSection
	GlobalSection(ProjectConfigurationPlatforms) = postSolution
		{6E615BAA-A965-670D-3270-168D45B80BAA}.Debug|Any CPU.ActiveCfg = Debug|Any CPU
		{6E615BAA-A965-670D-3270-168D45B80BAA}.Debug|Any CPU.Build.0 = Debug|Any CPU
		{6E615BAA-A965-670D-3270-168D45B80BAA}.Release|Any CPU.ActiveCfg = Release|Any CPU
		{6E615BAA-A965-670D-3270-168D45B80BAA}.Release|Any CPU.Build.0 = Release|Any CPU
		{4CB067AE-7A56-E540-4D4A-16280C1BEEB9}.Debug|Any CPU.ActiveCfg = Debug|Any CPU
		{4CB067AE-7A56-E540-4D4A-16280C1BEEB9}.Debug|Any CPU.Build.0 = Debug|Any CPU
		{4CB067AE-7A56-E540-4D4A-16280C1BEEB9}.Release|Any CPU.ActiveCfg = Release|Any CPU
		{4CB067AE-7A56-E540-4D4A-16280C1BEEB9}.Release|Any CPU.Build.0 = Release|Any CPU
		{BE50CAC2-4059-24D0-F6C5-054A8AFE29E2}.Debug|Any CPU.ActiveCfg = Debug|Any CPU
		{BE50CAC2-4059-24D0-F6C5-054A8AFE29E2}.Debug|Any CPU.Build.0 = Debug|Any CPU
		{BE50CAC2-4059-24D0-F6C5-054A8AFE29E2}.Release|Any CPU.ActiveCfg = Release|Any CPU
		{BE50CAC2-4059-24D0-F6C5-054A8AFE29E2}.Release|Any CPU.Build.0 = Release|Any CPU
		{C44A272E-7BAC-F808-2E0E-96846BC4870F}.Debug|Any CPU.ActiveCfg = Debug|Any CPU
		{C44A272E-7BAC-F808-2E0E-96846BC4870F}.Debug|Any CPU.Build.0 = Debug|Any CPU
		{C44A272E-7BAC-F808-2E0E-96846BC4870F}.Release|Any CPU.ActiveCfg = Release|Any CPU
		{C44A272E-7BAC-F808-2E0E-96846BC4870F}.Release|Any CPU.Build.0 = Release|Any CPU
		{A88D7BAF-729C-55F4-9D43-C9FF4465488B}.Debug|Any CPU.ActiveCfg = Debug|Any CPU
		{A88D7BAF-729C-55F4-9D43-C9FF4465488B}.Debug|Any CPU.Build.0 = Debug|Any CPU
		{A88D7BAF-729C-55F4-9D43-C9FF4465488B}.Release|Any CPU.ActiveCfg = Release|Any CPU
		{A88D7BAF-729C-55F4-9D43-C9FF4465488B}.Release|Any CPU.Build.0 = Release|Any CPU
		{5C629134-8813-149B-AFE3-75B10F84CEBB}.Debug|Any CPU.ActiveCfg = Debug|Any CPU
		{5C629134-8813-149B-AFE3-75B10F84CEBB}.Debug|Any CPU.Build.0 = Debug|Any CPU
		{5C629134-8813-149B-AFE3-75B10F84CEBB}.Release|Any CPU.ActiveCfg = Release|Any CPU
		{5C629134-8813-149B-AFE3-75B10F84CEBB}.Release|Any CPU.Build.0 = Release|Any CPU
		{C7EBF3DF-B111-2A3E-243B-A59F3D52F8CE}.Debug|Any CPU.ActiveCfg = Debug|Any CPU
		{C7EBF3DF-B111-2A3E-243B-A59F3D52F8CE}.Debug|Any CPU.Build.0 = Debug|Any CPU
		{C7EBF3DF-B111-2A3E-243B-A59F3D52F8CE}.Release|Any CPU.ActiveCfg = Release|Any CPU
		{C7EBF3DF-B111-2A3E-243B-A59F3D52F8CE}.Release|Any CPU.Build.0 = Release|Any CPU
	EndGlobalSection
	GlobalSection(SolutionProperties) = preSolution
		HideSolutionNode = FALSE
	EndGlobalSection
EndGlobal
